// !$*UTF8*$!
{
	archiveVersion = 1;
	classes = {
	};
	objectVersion = 55;
	objects = {

/* Begin PBXBuildFile section */
		2E4C083F2763E4740024247A /* main.c in Sources */ = {isa = PBXBuildFile; fileRef = 2E4C083E2763E4740024247A /* main.c */; };
		2E4C08492763F1F30024247A /* newentry.c in Sources */ = {isa = PBXBuildFile; fileRef = 2E4C08482763F1F30024247A /* newentry.c */; };
		2E4C084C2763F2910024247A /* searchentry.c in Sources */ = {isa = PBXBuildFile; fileRef = 2E4C084B2763F2910024247A /* searchentry.c */; };
		2E4C084F2763F2A90024247A /* displayentry.c in Sources */ = {isa = PBXBuildFile; fileRef = 2E4C084E2763F2A90024247A /* displayentry.c */; };
		2E4C08522763F3180024247A /* database.c in Sources */ = {isa = PBXBuildFile; fileRef = 2E4C08512763F3180024247A /* database.c */; };
/* End PBXBuildFile section */

/* Begin PBXCopyFilesBuildPhase section */
		2E4C08392763E4740024247A /* CopyFiles */ = {
			isa = PBXCopyFilesBuildPhase;
			buildActionMask = 2147483647;
			dstPath = /usr/share/man/man1/;
			dstSubfolderSpec = 0;
			files = (
			);
			runOnlyForDeploymentPostprocessing = 1;
		};
/* End PBXCopyFilesBuildPhase section */

/* Begin PBXFileReference section */
		2E4C083B2763E4740024247A /* cowo */ = {isa = PBXFileReference; explicitFileType = "compiled.mach-o.executable"; includeInIndex = 0; path = cowo; sourceTree = BUILT_PRODUCTS_DIR; };
		2E4C083E2763E4740024247A /* main.c */ = {isa = PBXFileReference; lastKnownFileType = sourcecode.c.c; path = main.c; sourceTree = "<group>"; };
		2E4C08452763EB5F0024247A /* main.h */ = {isa = PBXFileReference; lastKnownFileType = sourcecode.c.h; path = main.h; sourceTree = "<group>"; };
		2E4C08472763F1F30024247A /* newentry.h */ = {isa = PBXFileReference; lastKnownFileType = sourcecode.c.h; path = newentry.h; sourceTree = "<group>"; };
		2E4C08482763F1F30024247A /* newentry.c */ = {isa = PBXFileReference; lastKnownFileType = sourcecode.c.c; path = newentry.c; sourceTree = "<group>"; };
		2E4C084A2763F2910024247A /* searchentry.h */ = {isa = PBXFileReference; lastKnownFileType = sourcecode.c.h; path = searchentry.h; sourceTree = "<group>"; };
		2E4C084B2763F2910024247A /* searchentry.c */ = {isa = PBXFileReference; lastKnownFileType = sourcecode.c.c; path = searchentry.c; sourceTree = "<group>"; };
		2E4C084D2763F2A90024247A /* displayentry.h */ = {isa = PBXFileReference; lastKnownFileType = sourcecode.c.h; path = displayentry.h; sourceTree = "<group>"; };
		2E4C084E2763F2A90024247A /* displayentry.c */ = {isa = PBXFileReference; lastKnownFileType = sourcecode.c.c; path = displayentry.c; sourceTree = "<group>"; };
		2E4C08502763F3180024247A /* database.h */ = {isa = PBXFileReference; lastKnownFileType = sourcecode.c.h; path = database.h; sourceTree = "<group>"; };
		2E4C08512763F3180024247A /* database.c */ = {isa = PBXFileReference; lastKnownFileType = sourcecode.c.c; path = database.c; sourceTree = "<group>"; };
/* End PBXFileReference section */

/* Begin PBXFrameworksBuildPhase section */
		2E4C08382763E4740024247A /* Frameworks */ = {
			isa = PBXFrameworksBuildPhase;
			buildActionMask = 2147483647;
			files = (
			);
			runOnlyForDeploymentPostprocessing = 0;
		};
/* End PBXFrameworksBuildPhase section */

/* Begin PBXGroup section */
		2E4C08322763E4740024247A = {
			isa = PBXGroup;
			children = (
				2E4C083D2763E4740024247A /* cowo */,
				2E4C083C2763E4740024247A /* Products */,
			);
			sourceTree = "<group>";
		};
		2E4C083C2763E4740024247A /* Products */ = {
			isa = PBXGroup;
			children = (
				2E4C083B2763E4740024247A /* cowo */,
			);
			name = Products;
			sourceTree = "<group>";
		};
		2E4C083D2763E4740024247A /* cowo */ = {
			isa = PBXGroup;
			children = (
				2E4C08452763EB5F0024247A /* main.h */,
				2E4C083E2763E4740024247A /* main.c */,
				2E4C08472763F1F30024247A /* newentry.h */,
				2E4C08482763F1F30024247A /* newentry.c */,
				2E4C084A2763F2910024247A /* searchentry.h */,
				2E4C084B2763F2910024247A /* searchentry.c */,
				2E4C084D2763F2A90024247A /* displayentry.h */,
				2E4C084E2763F2A90024247A /* displayentry.c */,
				2E4C08502763F3180024247A /* database.h */,
				2E4C08512763F3180024247A /* database.c */,
			);
			path = cowo;
			sourceTree = "<group>";
		};
/* End PBXGroup section */

/* Begin PBXNativeTarget section */
		2E4C083A2763E4740024247A /* cowo */ = {
			isa = PBXNativeTarget;
			buildConfigurationList = 2E4C08422763E4740024247A /* Build configuration list for PBXNativeTarget "cowo" */;
			buildPhases = (
				2E4C08372763E4740024247A /* Sources */,
				2E4C08382763E4740024247A /* Frameworks */,
				2E4C08392763E4740024247A /* CopyFiles */,
			);
			buildRules = (
			);
			dependencies = (
			);
			name = cowo;
			productName = cowo;
			productReference = 2E4C083B2763E4740024247A /* cowo */;
			productType = "com.apple.product-type.tool";
		};
/* End PBXNativeTarget section */

/* Begin PBXProject section */
		2E4C08332763E4740024247A /* Project object */ = {
			isa = PBXProject;
			attributes = {
				BuildIndependentTargetsInParallel = 1;
				LastUpgradeCheck = 1310;
				TargetAttributes = {
					2E4C083A2763E4740024247A = {
						CreatedOnToolsVersion = 13.1;
					};
				};
			};
			buildConfigurationList = 2E4C08362763E4740024247A /* Build configuration list for PBXProject "cowo" */;
			compatibilityVersion = "Xcode 13.0";
			developmentRegion = en;
			hasScannedForEncodings = 0;
			knownRegions = (
				en,
				Base,
			);
			mainGroup = 2E4C08322763E4740024247A;
			productRefGroup = 2E4C083C2763E4740024247A /* Products */;
			projectDirPath = "";
			projectRoot = "";
			targets = (
				2E4C083A2763E4740024247A /* cowo */,
			);
		};
/* End PBXProject section */

/* Begin PBXSourcesBuildPhase section */
		2E4C08372763E4740024247A /* Sources */ = {
			isa = PBXSourcesBuildPhase;
			buildActionMask = 2147483647;
			files = (
				2E4C084C2763F2910024247A /* searchentry.c in Sources */,
				2E4C083F2763E4740024247A /* main.c in Sources */,
				2E4C08492763F1F30024247A /* newentry.c in Sources */,
				2E4C08522763F3180024247A /* database.c in Sources */,
				2E4C084F2763F2A90024247A /* displayentry.c in Sources */,
			);
			runOnlyForDeploymentPostprocessing = 0;
		};
/* End PBXSourcesBuildPhase section */

/* Begin XCBuildConfiguration section */
		2E4C08402763E4740024247A /* Debug */ = {
			isa = XCBuildConfiguration;
			buildSettings = {
				ALWAYS_SEARCH_USER_PATHS = NO;
				CLANG_ANALYZER_NONNULL = YES;
				CLANG_ANALYZER_NUMBER_OBJECT_CONVERSION = YES_AGGRESSIVE;
				CLANG_CXX_LANGUAGE_STANDARD = "gnu++17";
				CLANG_CXX_LIBRARY = "libc++";
				CLANG_ENABLE_MODULES = YES;
				CLANG_ENABLE_OBJC_ARC = YES;
				CLANG_ENABLE_OBJC_WEAK = YES;
				CLANG_WARN_BLOCK_CAPTURE_AUTORELEASING = YES;
				CLANG_WARN_BOOL_CONVERSION = YES;
				CLANG_WARN_COMMA = YES;
				CLANG_WARN_CONSTANT_CONVERSION = YES;
				CLANG_WARN_DEPRECATED_OBJC_IMPLEMENTATIONS = YES;
				CLANG_WARN_DIRECT_OBJC_ISA_USAGE = YES_ERROR;
				CLANG_WARN_DOCUMENTATION_COMMENTS = YES;
				CLANG_WARN_EMPTY_BODY = YES;
				CLANG_WARN_ENUM_CONVERSION = YES;
				CLANG_WARN_INFINITE_RECURSION = YES;
				CLANG_WARN_INT_CONVERSION = YES;
				CLANG_WARN_NON_LITERAL_NULL_CONVERSION = YES;
				CLANG_WARN_OBJC_IMPLICIT_RETAIN_SELF = YES;
				CLANG_WARN_OBJC_LITERAL_CONVERSION = YES;
				CLANG_WARN_OBJC_ROOT_CLASS = YES_ERROR;
				CLANG_WARN_QUOTED_INCLUDE_IN_FRAMEWORK_HEADER = YES;
				CLANG_WARN_RANGE_LOOP_ANALYSIS = YES;
				CLANG_WARN_STRICT_PROTOTYPES = YES;
				CLANG_WARN_SUSPICIOUS_MOVE = YES;
				CLANG_WARN_UNGUARDED_AVAILABILITY = YES_AGGRESSIVE;
				CLANG_WARN_UNREACHABLE_CODE = YES;
				CLANG_WARN__DUPLICATE_METHOD_MATCH = YES;
				COPY_PHASE_STRIP = NO;
				DEBUG_INFORMATION_FORMAT = dwarf;
				ENABLE_STRICT_OBJC_MSGSEND = YES;
				ENABLE_TESTABILITY = YES;
				GCC_C_LANGUAGE_STANDARD = gnu11;
				GCC_DYNAMIC_NO_PIC = NO;
				GCC_NO_COMMON_BLOCKS = YES;
				GCC_OPTIMIZATION_LEVEL = 0;
				GCC_PREPROCESSOR_DEFINITIONS = (
					"DEBUG=1",
					"$(inherited)",
				);
				GCC_WARN_64_TO_32_BIT_CONVERSION = YES;
				GCC_WARN_ABOUT_RETURN_TYPE = YES_ERROR;
				GCC_WARN_UNDECLARED_SELECTOR = YES;
				GCC_WARN_UNINITIALIZED_AUTOS = YES_AGGRESSIVE;
				GCC_WARN_UNUSED_FUNCTION = YES;
				GCC_WARN_UNUSED_VARIABLE = YES;
				MACOSX_DEPLOYMENT_TARGET = 12.0;
				MTL_ENABLE_DEBUG_INFO = INCLUDE_SOURCE;
				MTL_FAST_MATH = YES;
				ONLY_ACTIVE_ARCH = YES;
				SDKROOT = macosx;
			};
			name = Debug;
		};
		2E4C08412763E4740024247A /* Release */ = {
			isa = XCBuildConfiguration;
			buildSettings = {
				ALWAYS_SEARCH_USER_PATHS = NO;
				CLANG_ANALYZER_NONNULL = YES;
				CLANG_ANALYZER_NUMBER_OBJECT_CONVERSION = YES_AGGRESSIVE;
				CLANG_CXX_LANGUAGE_STANDARD = "gnu++17";
				CLANG_CXX_LIBRARY = "libc++";
				CLANG_ENABLE_MODULES = YES;
				CLANG_ENABLE_OBJC_ARC = YES;
				CLANG_ENABLE_OBJC_WEAK = YES;
				CLANG_WARN_BLOCK_CAPTURE_AUTORELEASING = YES;
				CLANG_WARN_BOOL_CONVERSION = YES;
				CLANG_WARN_COMMA = YES;
				CLANG_WARN_CONSTANT_CONVERSION = YES;
				CLANG_WARN_DEPRECATED_OBJC_IMPLEMENTATIONS = YES;
				CLANG_WARN_DIRECT_OBJC_ISA_USAGE = YES_ERROR;
				CLANG_WARN_DOCUMENTATION_COMMENTS = YES;
				CLANG_WARN_EMPTY_BODY = YES;
				CLANG_WARN_ENUM_CONVERSION = YES;
				CLANG_WARN_INFINITE_RECURSION = YES;
				CLANG_WARN_INT_CONVERSION = YES;
				CLANG_WARN_NON_LITERAL_NULL_CONVERSION = YES;
				CLANG_WARN_OBJC_IMPLICIT_RETAIN_SELF = YES;
				CLANG_WARN_OBJC_LITERAL_CONVERSION = YES;
				CLANG_WARN_OBJC_ROOT_CLASS = YES_ERROR;
				CLANG_WARN_QUOTED_INCLUDE_IN_FRAMEWORK_HEADER = YES;
				CLANG_WARN_RANGE_LOOP_ANALYSIS = YES;
				CLANG_WARN_STRICT_PROTOTYPES = YES;
				CLANG_WARN_SUSPICIOUS_MOVE = YES;
				CLANG_WARN_UNGUARDED_AVAILABILITY = YES_AGGRESSIVE;
				CLANG_WARN_UNREACHABLE_CODE = YES;
				CLANG_WARN__DUPLICATE_METHOD_MATCH = YES;
				COPY_PHASE_STRIP = NO;
				DEBUG_INFORMATION_FORMAT = "dwarf-with-dsym";
				ENABLE_NS_ASSERTIONS = NO;
				ENABLE_STRICT_OBJC_MSGSEND = YES;
				GCC_C_LANGUAGE_STANDARD = gnu11;
				GCC_NO_COMMON_BLOCKS = YES;
				GCC_WARN_64_TO_32_BIT_CONVERSION = YES;
				GCC_WARN_ABOUT_RETURN_TYPE = YES_ERROR;
				GCC_WARN_UNDECLARED_SELECTOR = YES;
				GCC_WARN_UNINITIALIZED_AUTOS = YES_AGGRESSIVE;
				GCC_WARN_UNUSED_FUNCTION = YES;
				GCC_WARN_UNUSED_VARIABLE = YES;
				MACOSX_DEPLOYMENT_TARGET = 12.0;
				MTL_ENABLE_DEBUG_INFO = NO;
				MTL_FAST_MATH = YES;
				SDKROOT = macosx;
			};
			name = Release;
		};
		2E4C08432763E4740024247A /* Debug */ = {
			isa = XCBuildConfiguration;
			buildSettings = {
				CODE_SIGN_STYLE = Automatic;
				DEVELOPMENT_TEAM = 5SHR3N6R3U;
				ENABLE_HARDENED_RUNTIME = YES;
				PRODUCT_NAME = "$(TARGET_NAME)";
			};
			name = Debug;
		};
		2E4C08442763E4740024247A /* Release */ = {
			isa = XCBuildConfiguration;
			buildSettings = {
				CODE_SIGN_STYLE = Automatic;
				DEVELOPMENT_TEAM = 5SHR3N6R3U;
				ENABLE_HARDENED_RUNTIME = YES;
				PRODUCT_NAME = "$(TARGET_NAME)";
			};
			name = Release;
		};
/* End XCBuildConfiguration section */

/* Begin XCConfigurationList section */
		2E4C08362763E4740024247A /* Build configuration list for PBXProject "cowo" */ = {
			isa = XCConfigurationList;
			buildConfigurations = (
				2E4C08402763E4740024247A /* Debug */,
				2E4C08412763E4740024247A /* Release */,
			);
			defaultConfigurationIsVisible = 0;
			defaultConfigurationName = Release;
		};
		2E4C08422763E4740024247A /* Build configuration list for PBXNativeTarget "cowo" */ = {
			isa = XCConfigurationList;
			buildConfigurations = (
				2E4C08432763E4740024247A /* Debug */,
				2E4C08442763E4740024247A /* Release */,
			);
			defaultConfigurationIsVisible = 0;
			defaultConfigurationName = Release;
		};
/* End XCConfigurationList section */
	};
	rootObject = 2E4C08332763E4740024247A /* Project object */;
}
